{
  "name": "@bsorrentino/jsnotebook-local-pkg",
  "version": "0.24.0",
  "lockfileVersion": 2,
  "requires": true,
  "packages": {
    "": {
      "name": "@bsorrentino/jsnotebook-local-pkg",
      "version": "0.24.0",
      "license": "MIT",
      "dependencies": {
        "@bsorrentino/xrmtoolboxweb-webapiclient": "^1.2.4"
      }
    },
    "node_modules/@bsorrentino/xrmtoolboxweb-webapiclient": {
      "version": "1.2.4",
      "resolved": "https://npm.pkg.github.com/download/@bsorrentino/xrmtoolboxweb-webapiclient/1.2.4/7d379dc6539752f7a13c8c9d9afc7e031c3966520e398f8cb33e6791237345be",
      "integrity": "sha512-pzZSeVrSYbF6pXvc+YR7tVhxUCS4T+sGzPy9J0cu7a59PfIEHEKXTBAjNDva04UtI9nCK7A6y0iubaDFTJeNKg==",
      "license": "MIT"
    }
  },
  "dependencies": {
    "@bsorrentino/xrmtoolboxweb-webapiclient": {
      "version": "1.2.4",
      "resolved": "https://npm.pkg.github.com/download/@bsorrentino/xrmtoolboxweb-webapiclient/1.2.4/7d379dc6539752f7a13c8c9d9afc7e031c3966520e398f8cb33e6791237345be",
      "integrity": "sha512-pzZSeVrSYbF6pXvc+YR7tVhxUCS4T+sGzPy9J0cu7a59PfIEHEKXTBAjNDva04UtI9nCK7A6y0iubaDFTJeNKg=="
    }
  }
}
